// !$*UTF8*$!
{
	archiveVersion = 1;
	classes = {
	};
	objectVersion = 56;
	objects = {

/* Begin PBXBuildFile section */
		FB1D77EE29C20CA100EB404B /* NYCSchoolsApp.swift in Sources */ = {isa = PBXBuildFile; fileRef = FB1D77ED29C20CA100EB404B /* NYCSchoolsApp.swift */; };
		FB1D77F029C20CA100EB404B /* ListView.swift in Sources */ = {isa = PBXBuildFile; fileRef = FB1D77EF29C20CA100EB404B /* ListView.swift */; };
		FB1D77F229C20CA400EB404B /* Assets.xcassets in Resources */ = {isa = PBXBuildFile; fileRef = FB1D77F129C20CA400EB404B /* Assets.xcassets */; };
		FB1D77F529C20CA400EB404B /* Preview Assets.xcassets in Resources */ = {isa = PBXBuildFile; fileRef = FB1D77F429C20CA400EB404B /* Preview Assets.xcassets */; };
		FB1D781B29C20D6C00EB404B /* ListViewModel.swift in Sources */ = {isa = PBXBuildFile; fileRef = FB1D781A29C20D6C00EB404B /* ListViewModel.swift */; };
		FB1D781D29C20F4300EB404B /* School.swift in Sources */ = {isa = PBXBuildFile; fileRef = FB1D781C29C20F4300EB404B /* School.swift */; };
		FB1D781F29C20F5100EB404B /* SATScoreModel.swift in Sources */ = {isa = PBXBuildFile; fileRef = FB1D781E29C20F5100EB404B /* SATScoreModel.swift */; };
		FB1D782529C2104A00EB404B /* NetworkCalls.swift in Sources */ = {isa = PBXBuildFile; fileRef = FB1D782429C2104A00EB404B /* NetworkCalls.swift */; };
		FB1D782729C212A500EB404B /* DetailView.swift in Sources */ = {isa = PBXBuildFile; fileRef = FB1D782629C212A500EB404B /* DetailView.swift */; };
		FB1D782929C213F100EB404B /* MapView.swift in Sources */ = {isa = PBXBuildFile; fileRef = FB1D782829C213F100EB404B /* MapView.swift */; };
		FB1D782D29C2193400EB404B /* DetailViewModel.swift in Sources */ = {isa = PBXBuildFile; fileRef = FB1D782C29C2193400EB404B /* DetailViewModel.swift */; };
		FB1D783329C2465700EB404B /* SATScores.json in Resources */ = {isa = PBXBuildFile; fileRef = FB1D783129C2465700EB404B /* SATScores.json */; };
		FB1D783429C2465700EB404B /* NYCSchools.json in Resources */ = {isa = PBXBuildFile; fileRef = FB1D783229C2465700EB404B /* NYCSchools.json */; };
		FBB957AE29C261330087E656 /* ResponseError.swift in Sources */ = {isa = PBXBuildFile; fileRef = FBB957AD29C261330087E656 /* ResponseError.swift */; };
		FBD0A7CD29CA3D15006FBB69 /* NYCSchoolsTests.swift in Sources */ = {isa = PBXBuildFile; fileRef = FB1D77FE29C20CA500EB404B /* NYCSchoolsTests.swift */; };
/* End PBXBuildFile section */

/* Begin PBXContainerItemProxy section */
		FB1D77FB29C20CA500EB404B /* PBXContainerItemProxy */ = {
			isa = PBXContainerItemProxy;
			containerPortal = FB1D77E229C20CA100EB404B /* Project object */;
			proxyType = 1;
			remoteGlobalIDString = FB1D77E929C20CA100EB404B;
			remoteInfo = NYCSchools;
		};
/* End PBXContainerItemProxy section */

/* Begin PBXFileReference section */
		FB1D77EA29C20CA100EB404B /* NYCSchools.app */ = {isa = PBXFileReference; explicitFileType = wrapper.application; includeInIndex = 0; path = NYCSchools.app; sourceTree = BUILT_PRODUCTS_DIR; };
		FB1D77ED29C20CA100EB404B /* NYCSchoolsApp.swift */ = {isa = PBXFileReference; lastKnownFileType = sourcecode.swift; path = NYCSchoolsApp.swift; sourceTree = "<group>"; };
		FB1D77EF29C20CA100EB404B /* ListView.swift */ = {isa = PBXFileReference; lastKnownFileType = sourcecode.swift; path = ListView.swift; sourceTree = "<group>"; };
		FB1D77F129C20CA400EB404B /* Assets.xcassets */ = {isa = PBXFileReference; lastKnownFileType = folder.assetcatalog; path = Assets.xcassets; sourceTree = "<group>"; };
		FB1D77F429C20CA400EB404B /* Preview Assets.xcassets */ = {isa = PBXFileReference; lastKnownFileType = folder.assetcatalog; path = "Preview Assets.xcassets"; sourceTree = "<group>"; };
		FB1D77FA29C20CA500EB404B /* NYCSchoolsTests.xctest */ = {isa = PBXFileReference; explicitFileType = wrapper.cfbundle; includeInIndex = 0; path = NYCSchoolsTests.xctest; sourceTree = BUILT_PRODUCTS_DIR; };
		FB1D77FE29C20CA500EB404B /* NYCSchoolsTests.swift */ = {isa = PBXFileReference; lastKnownFileType = sourcecode.swift; path = NYCSchoolsTests.swift; sourceTree = "<group>"; };
		FB1D781A29C20D6C00EB404B /* ListViewModel.swift */ = {isa = PBXFileReference; lastKnownFileType = sourcecode.swift; path = ListViewModel.swift; sourceTree = "<group>"; };
		FB1D781C29C20F4300EB404B /* School.swift */ = {isa = PBXFileReference; lastKnownFileType = sourcecode.swift; path = School.swift; sourceTree = "<group>"; };
		FB1D781E29C20F5100EB404B /* SATScoreModel.swift */ = {isa = PBXFileReference; lastKnownFileType = sourcecode.swift; path = SATScoreModel.swift; sourceTree = "<group>"; };
		FB1D782429C2104A00EB404B /* NetworkCalls.swift */ = {isa = PBXFileReference; lastKnownFileType = sourcecode.swift; path = NetworkCalls.swift; sourceTree = "<group>"; };
		FB1D782629C212A500EB404B /* DetailView.swift */ = {isa = PBXFileReference; lastKnownFileType = sourcecode.swift; path = DetailView.swift; sourceTree = "<group>"; };
		FB1D782829C213F100EB404B /* MapView.swift */ = {isa = PBXFileReference; lastKnownFileType = sourcecode.swift; path = MapView.swift; sourceTree = "<group>"; };
		FB1D782C29C2193400EB404B /* DetailViewModel.swift */ = {isa = PBXFileReference; lastKnownFileType = sourcecode.swift; path = DetailViewModel.swift; sourceTree = "<group>"; };
		FB1D783129C2465700EB404B /* SATScores.json */ = {isa = PBXFileReference; fileEncoding = 4; lastKnownFileType = text.json; path = SATScores.json; sourceTree = "<group>"; };
		FB1D783229C2465700EB404B /* NYCSchools.json */ = {isa = PBXFileReference; fileEncoding = 4; lastKnownFileType = text.json; path = NYCSchools.json; sourceTree = "<group>"; };
		FBB957AD29C261330087E656 /* ResponseError.swift */ = {isa = PBXFileReference; lastKnownFileType = sourcecode.swift; path = ResponseError.swift; sourceTree = "<group>"; };
		FBF92A1E29C8F6750093563E /* Info.plist */ = {isa = PBXFileReference; lastKnownFileType = text.plist; path = Info.plist; sourceTree = "<group>"; };
/* End PBXFileReference section */

/* Begin PBXFrameworksBuildPhase section */
		FB1D77E729C20CA100EB404B /* Frameworks */ = {
			isa = PBXFrameworksBuildPhase;
			buildActionMask = 2147483647;
			files = (
			);
			runOnlyForDeploymentPostprocessing = 0;
		};
		FB1D77F729C20CA500EB404B /* Frameworks */ = {
			isa = PBXFrameworksBuildPhase;
			buildActionMask = 2147483647;
			files = (
			);
			runOnlyForDeploymentPostprocessing = 0;
		};
/* End PBXFrameworksBuildPhase section */

/* Begin PBXGroup section */
		FB1D77E129C20CA100EB404B = {
			isa = PBXGroup;
			children = (
				FB1D77EC29C20CA100EB404B /* NYCSchools */,
				FB1D77FD29C20CA500EB404B /* NYCSchoolsTests */,
				FB1D77EB29C20CA100EB404B /* Products */,
			);
			sourceTree = "<group>";
		};
		FB1D77EB29C20CA100EB404B /* Products */ = {
			isa = PBXGroup;
			children = (
				FB1D77EA29C20CA100EB404B /* NYCSchools.app */,
				FB1D77FA29C20CA500EB404B /* NYCSchoolsTests.xctest */,
			);
			name = Products;
			sourceTree = "<group>";
		};
		FB1D77EC29C20CA100EB404B /* NYCSchools */ = {
			isa = PBXGroup;
			children = (
				FBF92A1E29C8F6750093563E /* Info.plist */,
				FB1D77ED29C20CA100EB404B /* NYCSchoolsApp.swift */,
				FB1D781729C20D3E00EB404B /* View */,
				FB1D781829C20D4900EB404B /* ViewModel */,
				FB1D781929C20D5200EB404B /* Model */,
				FB1D77F129C20CA400EB404B /* Assets.xcassets */,
				FB1D783229C2465700EB404B /* NYCSchools.json */,
				FB1D783129C2465700EB404B /* SATScores.json */,
				FB1D77F329C20CA400EB404B /* Preview Content */,
			);
			path = NYCSchools;
			sourceTree = "<group>";
		};
		FB1D77F329C20CA400EB404B /* Preview Content */ = {
			isa = PBXGroup;
			children = (
				FB1D77F429C20CA400EB404B /* Preview Assets.xcassets */,
			);
			path = "Preview Content";
			sourceTree = "<group>";
		};
		FB1D77FD29C20CA500EB404B /* NYCSchoolsTests */ = {
			isa = PBXGroup;
			children = (
				FB1D77FE29C20CA500EB404B /* NYCSchoolsTests.swift */,
			);
			path = NYCSchoolsTests;
			sourceTree = "<group>";
		};
		FB1D781729C20D3E00EB404B /* View */ = {
			isa = PBXGroup;
			children = (
				FB1D77EF29C20CA100EB404B /* ListView.swift */,
				FB1D782629C212A500EB404B /* DetailView.swift */,
				FB1D782829C213F100EB404B /* MapView.swift */,
			);
			path = View;
			sourceTree = "<group>";
		};
		FB1D781829C20D4900EB404B /* ViewModel */ = {
			isa = PBXGroup;
			children = (
				FB1D781A29C20D6C00EB404B /* ListViewModel.swift */,
				FB1D782C29C2193400EB404B /* DetailViewModel.swift */,
			);
			path = ViewModel;
			sourceTree = "<group>";
		};
		FB1D781929C20D5200EB404B /* Model */ = {
			isa = PBXGroup;
			children = (
				FB1D782429C2104A00EB404B /* NetworkCalls.swift */,
				FBF92A1B29C372CE0093563E /* Objects */,
			);
			path = Model;
			sourceTree = "<group>";
		};
		FBF92A1B29C372CE0093563E /* Objects */ = {
			isa = PBXGroup;
			children = (
				FB1D781C29C20F4300EB404B /* School.swift */,
				FB1D781E29C20F5100EB404B /* SATScoreModel.swift */,
				FBB957AD29C261330087E656 /* ResponseError.swift */,
			);
			path = Objects;
			sourceTree = "<group>";
		};
/* End PBXGroup section */

/* Begin PBXNativeTarget section */
		FB1D77E929C20CA100EB404B /* NYCSchools */ = {
			isa = PBXNativeTarget;
			buildConfigurationList = FB1D780E29C20CA500EB404B /* Build configuration list for PBXNativeTarget "NYCSchools" */;
			buildPhases = (
				FB1D77E629C20CA100EB404B /* Sources */,
				FB1D77E729C20CA100EB404B /* Frameworks */,
				FB1D77E829C20CA100EB404B /* Resources */,
			);
			buildRules = (
			);
			dependencies = (
			);
			name = NYCSchools;
			packageProductDependencies = (
			);
			productName = NYCSchools;
			productReference = FB1D77EA29C20CA100EB404B /* NYCSchools.app */;
			productType = "com.apple.product-type.application";
		};
		FB1D77F929C20CA500EB404B /* NYCSchoolsTests */ = {
			isa = PBXNativeTarget;
			buildConfigurationList = FB1D781129C20CA500EB404B /* Build configuration list for PBXNativeTarget "NYCSchoolsTests" */;
			buildPhases = (
				FB1D77F629C20CA500EB404B /* Sources */,
				FB1D77F729C20CA500EB404B /* Frameworks */,
				FB1D77F829C20CA500EB404B /* Resources */,
			);
			buildRules = (
			);
			dependencies = (
				FB1D77FC29C20CA500EB404B /* PBXTargetDependency */,
			);
			name = NYCSchoolsTests;
			productName = NYCSchoolsTests;
			productReference = FB1D77FA29C20CA500EB404B /* NYCSchoolsTests.xctest */;
			productType = "com.apple.product-type.bundle.unit-test";
		};
/* End PBXNativeTarget section */

/* Begin PBXProject section */
		FB1D77E229C20CA100EB404B /* Project object */ = {
			isa = PBXProject;
			attributes = {
				BuildIndependentTargetsInParallel = 1;
				LastSwiftUpdateCheck = 1420;
				LastUpgradeCheck = 1420;
				TargetAttributes = {
					FB1D77E929C20CA100EB404B = {
						CreatedOnToolsVersion = 14.2;
					};
					FB1D77F929C20CA500EB404B = {
						CreatedOnToolsVersion = 14.2;
						TestTargetID = FB1D77E929C20CA100EB404B;
					};
				};
			};
			buildConfigurationList = FB1D77E529C20CA100EB404B /* Build configuration list for PBXProject "NYCSchools" */;
			compatibilityVersion = "Xcode 14.0";
			developmentRegion = en;
			hasScannedForEncodings = 0;
			knownRegions = (
				en,
				Base,
			);
			mainGroup = FB1D77E129C20CA100EB404B;
			packageReferences = (
			);
			productRefGroup = FB1D77EB29C20CA100EB404B /* Products */;
			projectDirPath = "";
			projectRoot = "";
			targets = (
				FB1D77E929C20CA100EB404B /* NYCSchools */,
				FB1D77F929C20CA500EB404B /* NYCSchoolsTests */,
			);
		};
/* End PBXProject section */

/* Begin PBXResourcesBuildPhase section */
		FB1D77E829C20CA100EB404B /* Resources */ = {
			isa = PBXResourcesBuildPhase;
			buildActionMask = 2147483647;
			files = (
				FB1D783429C2465700EB404B /* NYCSchools.json in Resources */,
				FB1D77F529C20CA400EB404B /* Preview Assets.xcassets in Resources */,
				FB1D783329C2465700EB404B /* SATScores.json in Resources */,
				FB1D77F229C20CA400EB404B /* Assets.xcassets in Resources */,
			);
			runOnlyForDeploymentPostprocessing = 0;
		};
		FB1D77F829C20CA500EB404B /* Resources */ = {
			isa = PBXResourcesBuildPhase;
			buildActionMask = 2147483647;
			files = (
			);
			runOnlyForDeploymentPostprocessing = 0;
		};
/* End PBXResourcesBuildPhase section */

/* Begin PBXSourcesBuildPhase section */
		FB1D77E629C20CA100EB404B /* Sources */ = {
			isa = PBXSourcesBuildPhase;
			buildActionMask = 2147483647;
			files = (
				FB1D77F029C20CA100EB404B /* ListView.swift in Sources */,
				FB1D782929C213F100EB404B /* MapView.swift in Sources */,
				FB1D77EE29C20CA100EB404B /* NYCSchoolsApp.swift in Sources */,
				FB1D782D29C2193400EB404B /* DetailViewModel.swift in Sources */,
				FB1D781B29C20D6C00EB404B /* ListViewModel.swift in Sources */,
				FBB957AE29C261330087E656 /* ResponseError.swift in Sources */,
				FB1D782729C212A500EB404B /* DetailView.swift in Sources */,
				FB1D782529C2104A00EB404B /* NetworkCalls.swift in Sources */,
				FB1D781F29C20F5100EB404B /* SATScoreModel.swift in Sources */,
				FB1D781D29C20F4300EB404B /* School.swift in Sources */,
			);
			runOnlyForDeploymentPostprocessing = 0;
		};
		FB1D77F629C20CA500EB404B /* Sources */ = {
			isa = PBXSourcesBuildPhase;
			buildActionMask = 2147483647;
			files = (
				FBD0A7CD29CA3D15006FBB69 /* NYCSchoolsTests.swift in Sources */,
			);
			runOnlyForDeploymentPostprocessing = 0;
		};
/* End PBXSourcesBuildPhase section */

/* Begin PBXTargetDependency section */
		FB1D77FC29C20CA500EB404B /* PBXTargetDependency */ = {
			isa = PBXTargetDependency;
			target = FB1D77E929C20CA100EB404B /* NYCSchools */;
			targetProxy = FB1D77FB29C20CA500EB404B /* PBXContainerItemProxy */;
		};
/* End PBXTargetDependency section */

/* Begin XCBuildConfiguration section */
		FB1D780C29C20CA500EB404B /* Debug */ = {
			isa = XCBuildConfiguration;
			buildSettings = {
				ALWAYS_SEARCH_USER_PATHS = NO;
				CLANG_ANALYZER_NONNULL = YES;
				CLANG_ANALYZER_NUMBER_OBJECT_CONVERSION = YES_AGGRESSIVE;
				CLANG_CXX_LANGUAGE_STANDARD = "gnu++20";
				CLANG_ENABLE_MODULES = YES;
				CLANG_ENABLE_OBJC_ARC = YES;
				CLANG_ENABLE_OBJC_WEAK = YES;
				CLANG_WARN_BLOCK_CAPTURE_AUTORELEASING = YES;
				CLANG_WARN_BOOL_CONVERSION = YES;
				CLANG_WARN_COMMA = YES;
				CLANG_WARN_CONSTANT_CONVERSION = YES;
				CLANG_WARN_DEPRECATED_OBJC_IMPLEMENTATIONS = YES;
				CLANG_WARN_DIRECT_OBJC_ISA_USAGE = YES_ERROR;
				CLANG_WARN_DOCUMENTATION_COMMENTS = YES;
				CLANG_WARN_EMPTY_BODY = YES;
				CLANG_WARN_ENUM_CONVERSION = YES;
				CLANG_WARN_INFINITE_RECURSION = YES;
				CLANG_WARN_INT_CONVERSION = YES;
				CLANG_WARN_NON_LITERAL_NULL_CONVERSION = YES;
				CLANG_WARN_OBJC_IMPLICIT_RETAIN_SELF = YES;
				CLANG_WARN_OBJC_LITERAL_CONVERSION = YES;
				CLANG_WARN_OBJC_ROOT_CLASS = YES_ERROR;
				CLANG_WARN_QUOTED_INCLUDE_IN_FRAMEWORK_HEADER = YES;
				CLANG_WARN_RANGE_LOOP_ANALYSIS = YES;
				CLANG_WARN_STRICT_PROTOTYPES = YES;
				CLANG_WARN_SUSPICIOUS_MOVE = YES;
				CLANG_WARN_UNGUARDED_AVAILABILITY = YES_AGGRESSIVE;
				CLANG_WARN_UNREACHABLE_CODE = YES;
				CLANG_WARN__DUPLICATE_METHOD_MATCH = YES;
				COPY_PHASE_STRIP = NO;
				DEBUG_INFORMATION_FORMAT = dwarf;
				ENABLE_STRICT_OBJC_MSGSEND = YES;
				ENABLE_TESTABILITY = YES;
				GCC_C_LANGUAGE_STANDARD = gnu11;
				GCC_DYNAMIC_NO_PIC = NO;
				GCC_NO_COMMON_BLOCKS = YES;
				GCC_OPTIMIZATION_LEVEL = 0;
				GCC_PREPROCESSOR_DEFINITIONS = (
					"DEBUG=1",
					"$(inherited)",
				);
				GCC_WARN_64_TO_32_BIT_CONVERSION = YES;
				GCC_WARN_ABOUT_RETURN_TYPE = YES_ERROR;
				GCC_WARN_UNDECLARED_SELECTOR = YES;
				GCC_WARN_UNINITIALIZED_AUTOS = YES_AGGRESSIVE;
				GCC_WARN_UNUSED_FUNCTION = YES;
				GCC_WARN_UNUSED_VARIABLE = YES;
				IPHONEOS_DEPLOYMENT_TARGET = 16.2;
				MTL_ENABLE_DEBUG_INFO = INCLUDE_SOURCE;
				MTL_FAST_MATH = YES;
				ONLY_ACTIVE_ARCH = YES;
				SDKROOT = iphoneos;
				SWIFT_ACTIVE_COMPILATION_CONDITIONS = DEBUG;
				SWIFT_OPTIMIZATION_LEVEL = "-Onone";
			};
			name = Debug;
		};
		FB1D780D29C20CA500EB404B /* Release */ = {
			isa = XCBuildConfiguration;
			buildSettings = {
				ALWAYS_SEARCH_USER_PATHS = NO;
				CLANG_ANALYZER_NONNULL = YES;
				CLANG_ANALYZER_NUMBER_OBJECT_CONVERSION = YES_AGGRESSIVE;
				CLANG_CXX_LANGUAGE_STANDARD = "gnu++20";
				CLANG_ENABLE_MODULES = YES;
				CLANG_ENABLE_OBJC_ARC = YES;
				CLANG_ENABLE_OBJC_WEAK = YES;
				CLANG_WARN_BLOCK_CAPTURE_AUTORELEASING = YES;
				CLANG_WARN_BOOL_CONVERSION = YES;
				CLANG_WARN_COMMA = YES;
				CLANG_WARN_CONSTANT_CONVERSION = YES;
				CLANG_WARN_DEPRECATED_OBJC_IMPLEMENTATIONS = YES;
				CLANG_WARN_DIRECT_OBJC_ISA_USAGE = YES_ERROR;
				CLANG_WARN_DOCUMENTATION_COMMENTS = YES;
				CLANG_WARN_EMPTY_BODY = YES;
				CLANG_WARN_ENUM_CONVERSION = YES;
				CLANG_WARN_INFINITE_RECURSION = YES;
				CLANG_WARN_INT_CONVERSION = YES;
				CLANG_WARN_NON_LITERAL_NULL_CONVERSION = YES;
				CLANG_WARN_OBJC_IMPLICIT_RETAIN_SELF = YES;
				CLANG_WARN_OBJC_LITERAL_CONVERSION = YES;
				CLANG_WARN_OBJC_ROOT_CLASS = YES_ERROR;
				CLANG_WARN_QUOTED_INCLUDE_IN_FRAMEWORK_HEADER = YES;
				CLANG_WARN_RANGE_LOOP_ANALYSIS = YES;
				CLANG_WARN_STRICT_PROTOTYPES = YES;
				CLANG_WARN_SUSPICIOUS_MOVE = YES;
				CLANG_WARN_UNGUARDED_AVAILABILITY = YES_AGGRESSIVE;
				CLANG_WARN_UNREACHABLE_CODE = YES;
				CLANG_WARN__DUPLICATE_METHOD_MATCH = YES;
				COPY_PHASE_STRIP = NO;
				DEBUG_INFORMATION_FORMAT = "dwarf-with-dsym";
				ENABLE_NS_ASSERTIONS = NO;
				ENABLE_STRICT_OBJC_MSGSEND = YES;
				GCC_C_LANGUAGE_STANDARD = gnu11;
				GCC_NO_COMMON_BLOCKS = YES;
				GCC_WARN_64_TO_32_BIT_CONVERSION = YES;
				GCC_WARN_ABOUT_RETURN_TYPE = YES_ERROR;
				GCC_WARN_UNDECLARED_SELECTOR = YES;
				GCC_WARN_UNINITIALIZED_AUTOS = YES_AGGRESSIVE;
				GCC_WARN_UNUSED_FUNCTION = YES;
				GCC_WARN_UNUSED_VARIABLE = YES;
				IPHONEOS_DEPLOYMENT_TARGET = 16.2;
				MTL_ENABLE_DEBUG_INFO = NO;
				MTL_FAST_MATH = YES;
				SDKROOT = iphoneos;
				SWIFT_COMPILATION_MODE = wholemodule;
				SWIFT_OPTIMIZATION_LEVEL = "-O";
				VALIDATE_PRODUCT = YES;
			};
			name = Release;
		};
		FB1D780F29C20CA500EB404B /* Debug */ = {
			isa = XCBuildConfiguration;
			buildSettings = {
				ASSETCATALOG_COMPILER_APPICON_NAME = AppIcon;
				ASSETCATALOG_COMPILER_GLOBAL_ACCENT_COLOR_NAME = AccentColor;
				CODE_SIGN_STYLE = Automatic;
				CURRENT_PROJECT_VERSION = 1;
				DEVELOPMENT_ASSET_PATHS = "\"NYCSchools/Preview Content\"";
				DEVELOPMENT_TEAM = THP5EV5EJ9;
				ENABLE_PREVIEWS = YES;
				GENERATE_INFOPLIST_FILE = YES;
				INFOPLIST_FILE = NYCSchools/Info.plist;
				INFOPLIST_KEY_UIApplicationSupportsIndirectInputEvents = YES;
				INFOPLIST_KEY_UILaunchScreen_Generation = YES;
				INFOPLIST_KEY_UISupportedInterfaceOrientations_iPad = "UIInterfaceOrientationPortrait UIInterfaceOrientationPortraitUpsideDown UIInterfaceOrientationLandscapeLeft UIInterfaceOrientationLandscapeRight";
				INFOPLIST_KEY_UISupportedInterfaceOrientations_iPhone = "UIInterfaceOrientationPortrait UIInterfaceOrientationLandscapeLeft UIInterfaceOrientationLandscapeRight";
				LD_RUNPATH_SEARCH_PATHS = (
					"$(inherited)",
					"@executable_path/Frameworks",
				);
				MARKETING_VERSION = 1.0;
				PRODUCT_BUNDLE_IDENTIFIER = com.accenture.NYCSchools;
				PRODUCT_NAME = "$(TARGET_NAME)";
				SWIFT_EMIT_LOC_STRINGS = YES;
				SWIFT_VERSION = 5.0;
				TARGETED_DEVICE_FAMILY = "1,2";
			};
			name = Debug;
		};
		FB1D781029C20CA500EB404B /* Release */ = {
			isa = XCBuildConfiguration;
			buildSettings = {
				ASSETCATALOG_COMPILER_APPICON_NAME = AppIcon;
				ASSETCATALOG_COMPILER_GLOBAL_ACCENT_COLOR_NAME = AccentColor;
				CODE_SIGN_STYLE = Automatic;
				CURRENT_PROJECT_VERSION = 1;
				DEVELOPMENT_ASSET_PATHS = "\"NYCSchools/Preview Content\"";
				DEVELOPMENT_TEAM = THP5EV5EJ9;
				ENABLE_PREVIEWS = YES;
				GENERATE_INFOPLIST_FILE = YES;
				INFOPLIST_FILE = NYCSchools/Info.plist;
				INFOPLIST_KEY_UIApplicationSupportsIndirectInputEvents = YES;
				INFOPLIST_KEY_UILaunchScreen_Generation = YES;
				INFOPLIST_KEY_UISupportedInterfaceOrientations_iPad = "UIInterfaceOrientationPortrait UIInterfaceOrientationPortraitUpsideDown UIInterfaceOrientationLandscapeLeft UIInterfaceOrientationLandscapeRight";
				INFOPLIST_KEY_UISupportedInterfaceOrientations_iPhone = "UIInterfaceOrientationPortrait UIInterfaceOrientationLandscapeLeft UIInterfaceOrientationLandscapeRight";
				LD_RUNPATH_SEARCH_PATHS = (
					"$(inherited)",
					"@executable_path/Frameworks",
				);
				MARKETING_VERSION = 1.0;
				PRODUCT_BUNDLE_IDENTIFIER = com.accenture.NYCSchools;
				PRODUCT_NAME = "$(TARGET_NAME)";
				SWIFT_EMIT_LOC_STRINGS = YES;
				SWIFT_VERSION = 5.0;
				TARGETED_DEVICE_FAMILY = "1,2";
			};
			name = Release;
		};
		FB1D781229C20CA500EB404B /* Debug */ = {
			isa = XCBuildConfiguration;
			buildSettings = {
				ALWAYS_EMBED_SWIFT_STANDARD_LIBRARIES = YES;
				BUNDLE_LOADER = "$(TEST_HOST)";
				CODE_SIGN_STYLE = Automatic;
				CURRENT_PROJECT_VERSION = 1;
				DEVELOPMENT_TEAM = THP5EV5EJ9;
				GENERATE_INFOPLIST_FILE = YES;
				IPHONEOS_DEPLOYMENT_TARGET = 16.2;
				MARKETING_VERSION = 1.0;
				PRODUCT_BUNDLE_IDENTIFIER = com.accenture.NYCSchoolsTests;
				PRODUCT_NAME = "$(TARGET_NAME)";
				SWIFT_EMIT_LOC_STRINGS = NO;
				SWIFT_VERSION = 5.0;
				TARGETED_DEVICE_FAMILY = "1,2";
				TEST_HOST = "$(BUILT_PRODUCTS_DIR)/NYCSchools.app/$(BUNDLE_EXECUTABLE_FOLDER_PATH)/NYCSchools";
			};
			name = Debug;
		};
		FB1D781329C20CA500EB404B /* Release */ = {
			isa = XCBuildConfiguration;
			buildSettings = {
				ALWAYS_EMBED_SWIFT_STANDARD_LIBRARIES = YES;
				BUNDLE_LOADER = "$(TEST_HOST)";
				CODE_SIGN_STYLE = Automatic;
				CURRENT_PROJECT_VERSION = 1;
				DEVELOPMENT_TEAM = THP5EV5EJ9;
				GENERATE_INFOPLIST_FILE = YES;
				IPHONEOS_DEPLOYMENT_TARGET = 16.2;
				MARKETING_VERSION = 1.0;
				PRODUCT_BUNDLE_IDENTIFIER = com.accenture.NYCSchoolsTests;
				PRODUCT_NAME = "$(TARGET_NAME)";
				SWIFT_EMIT_LOC_STRINGS = NO;
				SWIFT_VERSION = 5.0;
				TARGETED_DEVICE_FAMILY = "1,2";
				TEST_HOST = "$(BUILT_PRODUCTS_DIR)/NYCSchools.app/$(BUNDLE_EXECUTABLE_FOLDER_PATH)/NYCSchools";
			};
			name = Release;
		};
/* End XCBuildConfiguration section */

/* Begin XCConfigurationList section */
		FB1D77E529C20CA100EB404B /* Build configuration list for PBXProject "NYCSchools" */ = {
			isa = XCConfigurationList;
			buildConfigurations = (
				FB1D780C29C20CA500EB404B /* Debug */,
				FB1D780D29C20CA500EB404B /* Release */,
			);
			defaultConfigurationIsVisible = 0;
			defaultConfigurationName = Release;
		};
		FB1D780E29C20CA500EB404B /* Build configuration list for PBXNativeTarget "NYCSchools" */ = {
			isa = XCConfigurationList;
			buildConfigurations = (
				FB1D780F29C20CA500EB404B /* Debug */,
				FB1D781029C20CA500EB404B /* Release */,
			);
			defaultConfigurationIsVisible = 0;
			defaultConfigurationName = Release;
		};
		FB1D781129C20CA500EB404B /* Build configuration list for PBXNativeTarget "NYCSchoolsTests" */ = {
			isa = XCConfigurationList;
			buildConfigurations = (
				FB1D781229C20CA500EB404B /* Debug */,
				FB1D781329C20CA500EB404B /* Release */,
			);
			defaultConfigurationIsVisible = 0;
			defaultConfigurationName = Release;
		};
/* End XCConfigurationList section */
	};
	rootObject = FB1D77E229C20CA100EB404B /* Project object */;
}
